
Microsoft Visual Studio Solution File, Format Version 12.00
# Visual Studio Version 16
VisualStudioVersion = 16.0.29306.81
MinimumVisualStudioVersion = 10.0.40219.1
Project("{FAE04EC0-301F-11D3-BF4B-00C04F79EFBC}") = "ProjectionBuilder", "ProjectionBuilder\ProjectionBuilder.csproj", "{09EB110B-4220-40CB-A973-BEA516969559}"
EndProject
Project("{9A19103F-16F7-4668-BE54-9A1E7A4F7556}") = "DFSLibrary", "DFSLibrary\DFSLibrary.csproj", "{C678509E-4854-4905-BF9B-B005CACFFA37}"
EndProject
Project("{FAE04EC0-301F-11D3-BF4B-00C04F79EFBC}") = "LineupBuilder", "NBALineupBuilder\LineupBuilder.csproj", "{99A1BC49-374D-40DB-9F3B-8BDCE8D1EBB6}"
EndProject
Global
	GlobalSection(SolutionConfigurationPlatforms) = preSolution
		Debug|Any CPU = Debug|Any CPU
		Release|Any CPU = Release|Any CPU
	EndGlobalSection
	GlobalSection(ProjectConfigurationPlatforms) = postSolution
		{09EB110B-4220-40CB-A973-BEA516969559}.Debug|Any CPU.ActiveCfg = Debug|Any CPU
		{09EB110B-4220-40CB-A973-BEA516969559}.Debug|Any CPU.Build.0 = Debug|Any CPU
		{09EB110B-4220-40CB-A973-BEA516969559}.Release|Any CPU.ActiveCfg = Release|Any CPU
		{09EB110B-4220-40CB-A973-BEA516969559}.Release|Any CPU.Build.0 = Release|Any CPU
		{C678509E-4854-4905-BF9B-B005CACFFA37}.Debug|Any CPU.ActiveCfg = Debug|Any CPU
		{C678509E-4854-4905-BF9B-B005CACFFA37}.Debug|Any CPU.Build.0 = Debug|Any CPU
		{C678509E-4854-4905-BF9B-B005CACFFA37}.Release|Any CPU.ActiveCfg = Release|Any CPU
		{C678509E-4854-4905-BF9B-B005CACFFA37}.Release|Any CPU.Build.0 = Release|Any CPU
		{99A1BC49-374D-40DB-9F3B-8BDCE8D1EBB6}.Debug|Any CPU.ActiveCfg = Debug|Any CPU
		{99A1BC49-374D-40DB-9F3B-8BDCE8D1EBB6}.Debug|Any CPU.Build.0 = Debug|Any CPU
		{99A1BC49-374D-40DB-9F3B-8BDCE8D1EBB6}.Release|Any CPU.ActiveCfg = Release|Any CPU
		{99A1BC49-374D-40DB-9F3B-8BDCE8D1EBB6}.Release|Any CPU.Build.0 = Release|Any CPU
	EndGlobalSection
	GlobalSection(SolutionProperties) = preSolution
		HideSolutionNode = FALSE
	EndGlobalSection
	GlobalSection(ExtensibilityGlobals) = postSolution
		SolutionGuid = {BAF1C862-A668-4B65-8A14-EE73E29F9B1C}
	EndGlobalSection
EndGlobal
